
Microsoft Visual Studio Solution File, Format Version 12.00
# Visual Studio Version 16
VisualStudioVersion = 16.0.30204.135
MinimumVisualStudioVersion = 10.0.40219.1
Project("{FAE04EC0-301F-11D3-BF4B-00C04F79EFBC}") = "Aitea.PaymentGateway", "Aitea.PaymentGateway\Aitea.PaymentGateway\Aitea.PaymentGateway.csproj", "{41CF04C7-9BAD-4E69-B4D6-A54106314157}"
EndProject
Project("{FAE04EC0-301F-11D3-BF4B-00C04F79EFBC}") = "Aitea.PaymentGateway.Test", "Aitea.PaymentGateway\Aitea.PaymentGateway.Test\Aitea.PaymentGateway.Test.csproj", "{9747750D-7A40-4434-BF61-31C1B114ECAC}"
EndProject
Project("{FAE04EC0-301F-11D3-BF4B-00C04F79EFBC}") = "Aitea.PaymentGateway.Core", "Aitea.PaymentGateway.Core\Aitea.PaymentGateway.Core.csproj", "{46D32228-E36A-4075-8A9F-EE88DE1A86D7}"
EndProject
Global
	GlobalSection(SolutionConfigurationPlatforms) = preSolution
		Debug|Any CPU = Debug|Any CPU
		Release|Any CPU = Release|Any CPU
	EndGlobalSection
	GlobalSection(ProjectConfigurationPlatforms) = postSolution
		{41CF04C7-9BAD-4E69-B4D6-A54106314157}.Debug|Any CPU.ActiveCfg = Debug|Any CPU
		{41CF04C7-9BAD-4E69-B4D6-A54106314157}.Debug|Any CPU.Build.0 = Debug|Any CPU
		{41CF04C7-9BAD-4E69-B4D6-A54106314157}.Release|Any CPU.ActiveCfg = Release|Any CPU
		{41CF04C7-9BAD-4E69-B4D6-A54106314157}.Release|Any CPU.Build.0 = Release|Any CPU
		{9747750D-7A40-4434-BF61-31C1B114ECAC}.Debug|Any CPU.ActiveCfg = Debug|Any CPU
		{9747750D-7A40-4434-BF61-31C1B114ECAC}.Debug|Any CPU.Build.0 = Debug|Any CPU
		{9747750D-7A40-4434-BF61-31C1B114ECAC}.Release|Any CPU.ActiveCfg = Release|Any CPU
		{9747750D-7A40-4434-BF61-31C1B114ECAC}.Release|Any CPU.Build.0 = Release|Any CPU
		{46D32228-E36A-4075-8A9F-EE88DE1A86D7}.Debug|Any CPU.ActiveCfg = Debug|Any CPU
		{46D32228-E36A-4075-8A9F-EE88DE1A86D7}.Debug|Any CPU.Build.0 = Debug|Any CPU
		{46D32228-E36A-4075-8A9F-EE88DE1A86D7}.Release|Any CPU.ActiveCfg = Release|Any CPU
		{46D32228-E36A-4075-8A9F-EE88DE1A86D7}.Release|Any CPU.Build.0 = Release|Any CPU
	EndGlobalSection
	GlobalSection(SolutionProperties) = preSolution
		HideSolutionNode = FALSE
	EndGlobalSection
	GlobalSection(ExtensibilityGlobals) = postSolution
		SolutionGuid = {CEDDD456-1DEC-404F-B6B2-8F880D6FC7A8}
	EndGlobalSection
EndGlobal
